PODS:
  - WebViewJavascriptBridge (6.0.3)

DEPENDENCIES:
  - WebViewJavascriptBridge (~> 6.0)

SPEC REPOS:
  trunk:
    - WebViewJavascriptBridge

SPEC CHECKSUMS:
  WebViewJavascriptBridge: 7f5bc4d3581e672e8f32bd0f812d54bc69bb8e29

PODFILE CHECKSUM: 5f4547b9cd3ba13cf2c65b8158de39b56df4cd06

COCOAPODS: 1.10.0
